
Microsoft Visual Studio Solution File, Format Version 12.00
# Visual Studio Version 17
VisualStudioVersion = 17.1.32414.318
MinimumVisualStudioVersion = 10.0.40219.1
Project("{2150E333-8FDC-42A3-9474-1A3956D46DE8}") = "test", "test", "{9E7A7FCE-0223-4656-BBB6-FC83BF8D562E}"
EndProject
Project("{2150E333-8FDC-42A3-9474-1A3956D46DE8}") = "src", "src", "{3EC92483-61E7-40BB-88B5-1B768658062B}"
EndProject
Project("{9A19103F-16F7-4668-BE54-9A1E7A4F7556}") = "SelfKeeper", "src\SelfKeeper\SelfKeeper.csproj", "{C2B97178-0883-4114-B7D7-CB01C0EE4B7E}"
EndProject
Project("{2150E333-8FDC-42A3-9474-1A3956D46DE8}") = "Solution Items", "Solution Items", "{92A016DE-A206-40FE-AA68-56F13AD0FA96}"
	ProjectSection(SolutionItems) = preProject
		.dockerignore = .dockerignore
		Directory.Build.props = Directory.Build.props
		readme.md = readme.md
	EndProjectSection
EndProject
Project("{2150E333-8FDC-42A3-9474-1A3956D46DE8}") = "sample", "sample", "{BF324BD0-12A9-4F52-9529-9E50B8C72605}"
EndProject
Project("{9A19103F-16F7-4668-BE54-9A1E7A4F7556}") = "ConsoleAppSample", "sample\ConsoleAppSample\ConsoleAppSample.csproj", "{6A97C833-8E4B-422C-8E2C-B51F45DC06CB}"
EndProject
Project("{9A19103F-16F7-4668-BE54-9A1E7A4F7556}") = "WebApplicationSample", "sample\WebApplicationSample\WebApplicationSample.csproj", "{27F5E226-6C20-47D5-BCCE-D859DB9E51B9}"
EndProject
Project("{9A19103F-16F7-4668-BE54-9A1E7A4F7556}") = "SelfKeeper.Test", "test\SelfKeeper.Test\SelfKeeper.Test.csproj", "{BAB1E827-67C3-4F4E-AD2D-FE91D895E789}"
EndProject
Global
	GlobalSection(SolutionConfigurationPlatforms) = preSolution
		Debug|Any CPU = Debug|Any CPU
		Release|Any CPU = Release|Any CPU
	EndGlobalSection
	GlobalSection(ProjectConfigurationPlatforms) = postSolution
		{C2B97178-0883-4114-B7D7-CB01C0EE4B7E}.Debug|Any CPU.ActiveCfg = Debug|Any CPU
		{C2B97178-0883-4114-B7D7-CB01C0EE4B7E}.Debug|Any CPU.Build.0 = Debug|Any CPU
		{C2B97178-0883-4114-B7D7-CB01C0EE4B7E}.Release|Any CPU.ActiveCfg = Release|Any CPU
		{C2B97178-0883-4114-B7D7-CB01C0EE4B7E}.Release|Any CPU.Build.0 = Release|Any CPU
		{6A97C833-8E4B-422C-8E2C-B51F45DC06CB}.Debug|Any CPU.ActiveCfg = Debug|Any CPU
		{6A97C833-8E4B-422C-8E2C-B51F45DC06CB}.Debug|Any CPU.Build.0 = Debug|Any CPU
		{6A97C833-8E4B-422C-8E2C-B51F45DC06CB}.Release|Any CPU.ActiveCfg = Release|Any CPU
		{6A97C833-8E4B-422C-8E2C-B51F45DC06CB}.Release|Any CPU.Build.0 = Release|Any CPU
		{27F5E226-6C20-47D5-BCCE-D859DB9E51B9}.Debug|Any CPU.ActiveCfg = Debug|Any CPU
		{27F5E226-6C20-47D5-BCCE-D859DB9E51B9}.Debug|Any CPU.Build.0 = Debug|Any CPU
		{27F5E226-6C20-47D5-BCCE-D859DB9E51B9}.Release|Any CPU.ActiveCfg = Release|Any CPU
		{27F5E226-6C20-47D5-BCCE-D859DB9E51B9}.Release|Any CPU.Build.0 = Release|Any CPU
		{BAB1E827-67C3-4F4E-AD2D-FE91D895E789}.Debug|Any CPU.ActiveCfg = Debug|Any CPU
		{BAB1E827-67C3-4F4E-AD2D-FE91D895E789}.Debug|Any CPU.Build.0 = Debug|Any CPU
		{BAB1E827-67C3-4F4E-AD2D-FE91D895E789}.Release|Any CPU.ActiveCfg = Release|Any CPU
		{BAB1E827-67C3-4F4E-AD2D-FE91D895E789}.Release|Any CPU.Build.0 = Release|Any CPU
	EndGlobalSection
	GlobalSection(SolutionProperties) = preSolution
		HideSolutionNode = FALSE
	EndGlobalSection
	GlobalSection(NestedProjects) = preSolution
		{C2B97178-0883-4114-B7D7-CB01C0EE4B7E} = {3EC92483-61E7-40BB-88B5-1B768658062B}
		{6A97C833-8E4B-422C-8E2C-B51F45DC06CB} = {BF324BD0-12A9-4F52-9529-9E50B8C72605}
		{27F5E226-6C20-47D5-BCCE-D859DB9E51B9} = {BF324BD0-12A9-4F52-9529-9E50B8C72605}
		{BAB1E827-67C3-4F4E-AD2D-FE91D895E789} = {9E7A7FCE-0223-4656-BBB6-FC83BF8D562E}
	EndGlobalSection
	GlobalSection(ExtensibilityGlobals) = postSolution
		SolutionGuid = {81353B47-3ED3-45FF-B4A2-5096F5EE7975}
	EndGlobalSection
EndGlobal
